
Microsoft Visual Studio Solution File, Format Version 12.00
# Visual Studio Version 17
VisualStudioVersion = 17.7.34031.279
MinimumVisualStudioVersion = 10.0.40219.1
Project("{FAE04EC0-301F-11D3-BF4B-00C04F79EFBC}") = "APItest", "APItest.csproj", "{5BB9A6A5-39B4-404E-9C9C-507C5EE1C137}"
EndProject
Global
	GlobalSection(SolutionConfigurationPlatforms) = preSolution
		Debug|Any CPU = Debug|Any CPU
		Release|Any CPU = Release|Any CPU
	EndGlobalSection
	GlobalSection(ProjectConfigurationPlatforms) = postSolution
		{5BB9A6A5-39B4-404E-9C9C-507C5EE1C137}.Debug|Any CPU.ActiveCfg = Debug|Any CPU
		{5BB9A6A5-39B4-404E-9C9C-507C5EE1C137}.Debug|Any CPU.Build.0 = Debug|Any CPU
		{5BB9A6A5-39B4-404E-9C9C-507C5EE1C137}.Release|Any CPU.ActiveCfg = Release|Any CPU
		{5BB9A6A5-39B4-404E-9C9C-507C5EE1C137}.Release|Any CPU.Build.0 = Release|Any CPU
	EndGlobalSection
	GlobalSection(SolutionProperties) = preSolution
		HideSolutionNode = FALSE
	EndGlobalSection
	GlobalSection(ExtensibilityGlobals) = postSolution
		SolutionGuid = {F5209D57-D6D1-4F99-BF39-6FC94437AC93}
	EndGlobalSection
EndGlobal
